
Microsoft Visual Studio Solution File, Format Version 12.00
# Visual Studio Version 17
VisualStudioVersion = 17.6.33815.320
MinimumVisualStudioVersion = 10.0.40219.1
Project("{FAE04EC0-301F-11D3-BF4B-00C04F79EFBC}") = "CodeFirst", "CodeFirst\CodeFirst.csproj", "{E24D8DBD-4446-458D-8D7F-768A85C3945F}"
EndProject
Global
	GlobalSection(SolutionConfigurationPlatforms) = preSolution
		Debug|Any CPU = Debug|Any CPU
		Release|Any CPU = Release|Any CPU
	EndGlobalSection
	GlobalSection(ProjectConfigurationPlatforms) = postSolution
		{E24D8DBD-4446-458D-8D7F-768A85C3945F}.Debug|Any CPU.ActiveCfg = Debug|Any CPU
		{E24D8DBD-4446-458D-8D7F-768A85C3945F}.Debug|Any CPU.Build.0 = Debug|Any CPU
		{E24D8DBD-4446-458D-8D7F-768A85C3945F}.Release|Any CPU.ActiveCfg = Release|Any CPU
		{E24D8DBD-4446-458D-8D7F-768A85C3945F}.Release|Any CPU.Build.0 = Release|Any CPU
	EndGlobalSection
	GlobalSection(SolutionProperties) = preSolution
		HideSolutionNode = FALSE
	EndGlobalSection
	GlobalSection(ExtensibilityGlobals) = postSolution
		SolutionGuid = {02134EB8-9B61-45C3-B7BC-FE292A287C0A}
	EndGlobalSection
EndGlobal
